
Microsoft Visual Studio Solution File, Format Version 12.00
# Visual Studio 15
VisualStudioVersion = 15.0.28307.852
MinimumVisualStudioVersion = 10.0.40219.1
Project("{FAE04EC0-301F-11D3-BF4B-00C04F79EFBC}") = "MyDemo", "MyDemo\MyDemo.csproj", "{1F08EC86-9EB1-46C6-8C0A-FA7B3E7B96B1}"
EndProject
Global
	GlobalSection(SolutionConfigurationPlatforms) = preSolution
		Debug|Any CPU = Debug|Any CPU
		Release|Any CPU = Release|Any CPU
	EndGlobalSection
	GlobalSection(ProjectConfigurationPlatforms) = postSolution
		{1F08EC86-9EB1-46C6-8C0A-FA7B3E7B96B1}.Debug|Any CPU.ActiveCfg = Debug|Any CPU
		{1F08EC86-9EB1-46C6-8C0A-FA7B3E7B96B1}.Debug|Any CPU.Build.0 = Debug|Any CPU
		{1F08EC86-9EB1-46C6-8C0A-FA7B3E7B96B1}.Release|Any CPU.ActiveCfg = Release|Any CPU
		{1F08EC86-9EB1-46C6-8C0A-FA7B3E7B96B1}.Release|Any CPU.Build.0 = Release|Any CPU
	EndGlobalSection
	GlobalSection(SolutionProperties) = preSolution
		HideSolutionNode = FALSE
	EndGlobalSection
	GlobalSection(ExtensibilityGlobals) = postSolution
		SolutionGuid = {76EF03A2-9BFC-4CFA-BF88-DB89E1213205}
	EndGlobalSection
EndGlobal
